
Microsoft Visual Studio Solution File, Format Version 12.00
# Visual Studio Version 17
VisualStudioVersion = 17.0.31903.59
MinimumVisualStudioVersion = 10.0.40219.1
Project("{FAE04EC0-301F-11D3-BF4B-00C04F79EFBC}") = "StoreApp", "StoreApp\StoreApp.csproj", "{3C41722D-32A7-4F9D-B0CE-E1B8DFF1A7F0}"
EndProject
Project("{FAE04EC0-301F-11D3-BF4B-00C04F79EFBC}") = "Entities", "Entities\Entities.csproj", "{6F101373-2DFD-4098-A967-D7E3F1EBAED8}"
EndProject
Project("{FAE04EC0-301F-11D3-BF4B-00C04F79EFBC}") = "Repositories", "Repositories\Repositories.csproj", "{2E67CF06-652B-4070-925C-63CA954246E6}"
EndProject
Project("{FAE04EC0-301F-11D3-BF4B-00C04F79EFBC}") = "Services", "Services\Services.csproj", "{FB5007EF-18BD-4DED-A82B-3653BA4B6AB3}"
EndProject
Global
	GlobalSection(SolutionConfigurationPlatforms) = preSolution
		Debug|Any CPU = Debug|Any CPU
		Release|Any CPU = Release|Any CPU
	EndGlobalSection
	GlobalSection(SolutionProperties) = preSolution
		HideSolutionNode = FALSE
	EndGlobalSection
	GlobalSection(ProjectConfigurationPlatforms) = postSolution
		{3C41722D-32A7-4F9D-B0CE-E1B8DFF1A7F0}.Debug|Any CPU.ActiveCfg = Debug|Any CPU
		{3C41722D-32A7-4F9D-B0CE-E1B8DFF1A7F0}.Debug|Any CPU.Build.0 = Debug|Any CPU
		{3C41722D-32A7-4F9D-B0CE-E1B8DFF1A7F0}.Release|Any CPU.ActiveCfg = Release|Any CPU
		{3C41722D-32A7-4F9D-B0CE-E1B8DFF1A7F0}.Release|Any CPU.Build.0 = Release|Any CPU
		{6F101373-2DFD-4098-A967-D7E3F1EBAED8}.Debug|Any CPU.ActiveCfg = Debug|Any CPU
		{6F101373-2DFD-4098-A967-D7E3F1EBAED8}.Debug|Any CPU.Build.0 = Debug|Any CPU
		{6F101373-2DFD-4098-A967-D7E3F1EBAED8}.Release|Any CPU.ActiveCfg = Release|Any CPU
		{6F101373-2DFD-4098-A967-D7E3F1EBAED8}.Release|Any CPU.Build.0 = Release|Any CPU
		{2E67CF06-652B-4070-925C-63CA954246E6}.Debug|Any CPU.ActiveCfg = Debug|Any CPU
		{2E67CF06-652B-4070-925C-63CA954246E6}.Debug|Any CPU.Build.0 = Debug|Any CPU
		{2E67CF06-652B-4070-925C-63CA954246E6}.Release|Any CPU.ActiveCfg = Release|Any CPU
		{2E67CF06-652B-4070-925C-63CA954246E6}.Release|Any CPU.Build.0 = Release|Any CPU
		{FB5007EF-18BD-4DED-A82B-3653BA4B6AB3}.Debug|Any CPU.ActiveCfg = Debug|Any CPU
		{FB5007EF-18BD-4DED-A82B-3653BA4B6AB3}.Debug|Any CPU.Build.0 = Debug|Any CPU
		{FB5007EF-18BD-4DED-A82B-3653BA4B6AB3}.Release|Any CPU.ActiveCfg = Release|Any CPU
		{FB5007EF-18BD-4DED-A82B-3653BA4B6AB3}.Release|Any CPU.Build.0 = Release|Any CPU
	EndGlobalSection
EndGlobal
